
Microsoft Visual Studio Solution File, Format Version 11.00
# Visual Studio 2010
Project("{8BC9CEB8-8B4A-11D0-8D11-00A0C91BC942}") = "collision", "collision.vcxproj", "{2B8DC2D8-2772-C438-8C19-67C156680301}"
EndProject
Global
	GlobalSection(SolutionConfigurationPlatforms) = preSolution
		Debug|Win32 = Debug|Win32
		Release|Win32 = Release|Win32
	EndGlobalSection
	GlobalSection(ProjectConfigurationPlatforms) = postSolution
		{2B8DC2D8-2772-C438-8C19-67C156680301}.Debug|Win32.ActiveCfg = Debug|Win32
		{2B8DC2D8-2772-C438-8C19-67C156680301}.Debug|Win32.Build.0 = Debug|Win32
		{2B8DC2D8-2772-C438-8C19-67C156680301}.Release|Win32.ActiveCfg = Release|Win32
		{2B8DC2D8-2772-C438-8C19-67C156680301}.Release|Win32.Build.0 = Release|Win32
	EndGlobalSection
	GlobalSection(SolutionProperties) = preSolution
		HideSolutionNode = FALSE
	EndGlobalSection
EndGlobal
